
Microsoft Visual Studio Solution File, Format Version 12.00
# Visual Studio Version 16
VisualStudioVersion = 16.0.30104.148
MinimumVisualStudioVersion = 10.0.40219.1
Project("{9A19103F-16F7-4668-BE54-9A1E7A4F7556}") = "Sample-RequestResponse", "Sample-RequestResponse\Sample-RequestResponse.csproj", "{E9E2C393-A1CE-4CD0-A664-D106CE4763D4}"
EndProject
Project("{9A19103F-16F7-4668-BE54-9A1E7A4F7556}") = "WebApplication1", "WebApplication1\WebApplication1.csproj", "{A63C388E-364D-483C-9D79-E4DFAA4B73D6}"
EndProject
Project("{9A19103F-16F7-4668-BE54-9A1E7A4F7556}") = "MessageContracts", "MessageContracts\MessageContracts.csproj", "{02B1B2F2-86F7-46FC-BFB0-C451FE54E737}"
EndProject
Project("{E53339B2-1760-4266-BCC7-CA923CBCF16C}") = "docker-compose", "docker-compose.dcproj", "{C2068ABF-A4C8-473C-A7D4-AC6B0105F44D}"
EndProject
Global
	GlobalSection(SolutionConfigurationPlatforms) = preSolution
		Debug|Any CPU = Debug|Any CPU
		Release|Any CPU = Release|Any CPU
	EndGlobalSection
	GlobalSection(ProjectConfigurationPlatforms) = postSolution
		{E9E2C393-A1CE-4CD0-A664-D106CE4763D4}.Debug|Any CPU.ActiveCfg = Debug|Any CPU
		{E9E2C393-A1CE-4CD0-A664-D106CE4763D4}.Debug|Any CPU.Build.0 = Debug|Any CPU
		{E9E2C393-A1CE-4CD0-A664-D106CE4763D4}.Release|Any CPU.ActiveCfg = Release|Any CPU
		{E9E2C393-A1CE-4CD0-A664-D106CE4763D4}.Release|Any CPU.Build.0 = Release|Any CPU
		{A63C388E-364D-483C-9D79-E4DFAA4B73D6}.Debug|Any CPU.ActiveCfg = Debug|Any CPU
		{A63C388E-364D-483C-9D79-E4DFAA4B73D6}.Debug|Any CPU.Build.0 = Debug|Any CPU
		{A63C388E-364D-483C-9D79-E4DFAA4B73D6}.Release|Any CPU.ActiveCfg = Release|Any CPU
		{A63C388E-364D-483C-9D79-E4DFAA4B73D6}.Release|Any CPU.Build.0 = Release|Any CPU
		{02B1B2F2-86F7-46FC-BFB0-C451FE54E737}.Debug|Any CPU.ActiveCfg = Debug|Any CPU
		{02B1B2F2-86F7-46FC-BFB0-C451FE54E737}.Debug|Any CPU.Build.0 = Debug|Any CPU
		{02B1B2F2-86F7-46FC-BFB0-C451FE54E737}.Release|Any CPU.ActiveCfg = Release|Any CPU
		{02B1B2F2-86F7-46FC-BFB0-C451FE54E737}.Release|Any CPU.Build.0 = Release|Any CPU
		{C2068ABF-A4C8-473C-A7D4-AC6B0105F44D}.Debug|Any CPU.ActiveCfg = Debug|Any CPU
		{C2068ABF-A4C8-473C-A7D4-AC6B0105F44D}.Debug|Any CPU.Build.0 = Debug|Any CPU
		{C2068ABF-A4C8-473C-A7D4-AC6B0105F44D}.Release|Any CPU.ActiveCfg = Release|Any CPU
		{C2068ABF-A4C8-473C-A7D4-AC6B0105F44D}.Release|Any CPU.Build.0 = Release|Any CPU
	EndGlobalSection
	GlobalSection(SolutionProperties) = preSolution
		HideSolutionNode = FALSE
	EndGlobalSection
	GlobalSection(ExtensibilityGlobals) = postSolution
		SolutionGuid = {97EEFF28-6FDB-4CE4-A084-BA326AA8373F}
	EndGlobalSection
EndGlobal
